
Microsoft Visual Studio Solution File, Format Version 12.00
# Visual Studio 14
VisualStudioVersion = 14.0.23107.0
MinimumVisualStudioVersion = 10.0.40219.1
Project("{FAE04EC0-301F-11D3-BF4B-00C04F79EFBC}") = "FlashyThing", "5 - FlashyThing\FlashyThing.csproj", "{AC74A71D-0CFB-40E2-8A1D-2C5943959F24}"
EndProject
Global
	GlobalSection(SolutionConfigurationPlatforms) = preSolution
		Debug|Any CPU = Debug|Any CPU
		Release|Any CPU = Release|Any CPU
	EndGlobalSection
	GlobalSection(ProjectConfigurationPlatforms) = postSolution
		{AC74A71D-0CFB-40E2-8A1D-2C5943959F24}.Debug|Any CPU.ActiveCfg = Debug|Any CPU
		{AC74A71D-0CFB-40E2-8A1D-2C5943959F24}.Debug|Any CPU.Build.0 = Debug|Any CPU
		{AC74A71D-0CFB-40E2-8A1D-2C5943959F24}.Release|Any CPU.ActiveCfg = Release|Any CPU
		{AC74A71D-0CFB-40E2-8A1D-2C5943959F24}.Release|Any CPU.Build.0 = Release|Any CPU
	EndGlobalSection
	GlobalSection(SolutionProperties) = preSolution
		HideSolutionNode = FALSE
	EndGlobalSection
EndGlobal
