
Microsoft Visual Studio Solution File, Format Version 12.00
# Visual Studio 14
VisualStudioVersion = 14.0.23107.0
MinimumVisualStudioVersion = 10.0.40219.1
Project("{FAE04EC0-301F-11D3-BF4B-00C04F79EFBC}") = "PlanetMission", "PlanetMission.csproj", "{43F54156-4D51-4E92-9651-992973CDFD09}"
EndProject
Global
	GlobalSection(SolutionConfigurationPlatforms) = preSolution
		Debug|Any CPU = Debug|Any CPU
		Release|Any CPU = Release|Any CPU
	EndGlobalSection
	GlobalSection(ProjectConfigurationPlatforms) = postSolution
		{43F54156-4D51-4E92-9651-992973CDFD09}.Debug|Any CPU.ActiveCfg = Debug|Any CPU
		{43F54156-4D51-4E92-9651-992973CDFD09}.Debug|Any CPU.Build.0 = Debug|Any CPU
		{43F54156-4D51-4E92-9651-992973CDFD09}.Release|Any CPU.ActiveCfg = Release|Any CPU
		{43F54156-4D51-4E92-9651-992973CDFD09}.Release|Any CPU.Build.0 = Release|Any CPU
	EndGlobalSection
	GlobalSection(SolutionProperties) = preSolution
		HideSolutionNode = FALSE
	EndGlobalSection
EndGlobal
