
Microsoft Visual Studio Solution File, Format Version 12.00
# Visual Studio Express 2012 for Windows Desktop
Project("{FAE04EC0-301F-11D3-BF4B-00C04F79EFBC}") = "5 - Ducks", "2 - Ducks\5 - Ducks.csproj", "{F51DC79D-884D-46CC-B4C6-02995FDB9EE0}"
EndProject
Global
	GlobalSection(SolutionConfigurationPlatforms) = preSolution
		Debug|Any CPU = Debug|Any CPU
		Release|Any CPU = Release|Any CPU
	EndGlobalSection
	GlobalSection(ProjectConfigurationPlatforms) = postSolution
		{F51DC79D-884D-46CC-B4C6-02995FDB9EE0}.Debug|Any CPU.ActiveCfg = Debug|Any CPU
		{F51DC79D-884D-46CC-B4C6-02995FDB9EE0}.Debug|Any CPU.Build.0 = Debug|Any CPU
		{F51DC79D-884D-46CC-B4C6-02995FDB9EE0}.Release|Any CPU.ActiveCfg = Release|Any CPU
		{F51DC79D-884D-46CC-B4C6-02995FDB9EE0}.Release|Any CPU.Build.0 = Release|Any CPU
	EndGlobalSection
	GlobalSection(SolutionProperties) = preSolution
		HideSolutionNode = FALSE
	EndGlobalSection
EndGlobal
