
Microsoft Visual Studio Solution File, Format Version 12.00
# Visual Studio 14
VisualStudioVersion = 14.0.23107.0
MinimumVisualStudioVersion = 10.0.40219.1
Project("{FAE04EC0-301F-11D3-BF4B-00C04F79EFBC}") = "RobustApp", "RobustApp.csproj", "{734498FB-A9F4-4DB1-B145-009DEB4BF187}"
EndProject
Global
	GlobalSection(SolutionConfigurationPlatforms) = preSolution
		Debug|Any CPU = Debug|Any CPU
		Release|Any CPU = Release|Any CPU
	EndGlobalSection
	GlobalSection(ProjectConfigurationPlatforms) = postSolution
		{734498FB-A9F4-4DB1-B145-009DEB4BF187}.Debug|Any CPU.ActiveCfg = Debug|Any CPU
		{734498FB-A9F4-4DB1-B145-009DEB4BF187}.Debug|Any CPU.Build.0 = Debug|Any CPU
		{734498FB-A9F4-4DB1-B145-009DEB4BF187}.Release|Any CPU.ActiveCfg = Release|Any CPU
		{734498FB-A9F4-4DB1-B145-009DEB4BF187}.Release|Any CPU.Build.0 = Release|Any CPU
	EndGlobalSection
	GlobalSection(SolutionProperties) = preSolution
		HideSolutionNode = FALSE
	EndGlobalSection
EndGlobal
