
Microsoft Visual Studio Solution File, Format Version 12.00
# Visual Studio Express 2012 for Windows Desktop
Project("{FAE04EC0-301F-11D3-BF4B-00C04F79EFBC}") = "6 - OverloadedMethods", "6 - OverloadedMethods\6 - OverloadedMethods.csproj", "{E68C5761-796D-4F22-B06E-FB7E8FF65CFA}"
EndProject
Global
	GlobalSection(SolutionConfigurationPlatforms) = preSolution
		Debug|Any CPU = Debug|Any CPU
		Release|Any CPU = Release|Any CPU
	EndGlobalSection
	GlobalSection(ProjectConfigurationPlatforms) = postSolution
		{E68C5761-796D-4F22-B06E-FB7E8FF65CFA}.Debug|Any CPU.ActiveCfg = Debug|Any CPU
		{E68C5761-796D-4F22-B06E-FB7E8FF65CFA}.Debug|Any CPU.Build.0 = Debug|Any CPU
		{E68C5761-796D-4F22-B06E-FB7E8FF65CFA}.Release|Any CPU.ActiveCfg = Release|Any CPU
		{E68C5761-796D-4F22-B06E-FB7E8FF65CFA}.Release|Any CPU.Build.0 = Release|Any CPU
	EndGlobalSection
	GlobalSection(SolutionProperties) = preSolution
		HideSolutionNode = FALSE
	EndGlobalSection
EndGlobal
